
Microsoft Visual Studio Solution File, Format Version 12.00
# Visual Studio 15
VisualStudioVersion = 15.0.28010.2003
MinimumVisualStudioVersion = 10.0.40219.1
Project("{FAE04EC0-301F-11D3-BF4B-00C04F79EFBC}") = "CheckoutKata", "CheckoutKata\CheckoutKata.csproj", "{F9BACB65-E941-4E2A-B4FC-E427560A6DB1}"
EndProject
Global
	GlobalSection(SolutionConfigurationPlatforms) = preSolution
		Debug|Any CPU = Debug|Any CPU
		Release|Any CPU = Release|Any CPU
	EndGlobalSection
	GlobalSection(ProjectConfigurationPlatforms) = postSolution
		{F9BACB65-E941-4E2A-B4FC-E427560A6DB1}.Debug|Any CPU.ActiveCfg = Debug|Any CPU
		{F9BACB65-E941-4E2A-B4FC-E427560A6DB1}.Debug|Any CPU.Build.0 = Debug|Any CPU
		{F9BACB65-E941-4E2A-B4FC-E427560A6DB1}.Release|Any CPU.ActiveCfg = Release|Any CPU
		{F9BACB65-E941-4E2A-B4FC-E427560A6DB1}.Release|Any CPU.Build.0 = Release|Any CPU
	EndGlobalSection
	GlobalSection(SolutionProperties) = preSolution
		HideSolutionNode = FALSE
	EndGlobalSection
	GlobalSection(ExtensibilityGlobals) = postSolution
		SolutionGuid = {554C06E3-E26F-4F2D-9A8E-C3C048D4DDB7}
	EndGlobalSection
EndGlobal
